{
  "name": "fish",
  "lockfileVersion": 3,
  "requires": true,
  "packages": {
    "": {
      "dependencies": {
        "font-logos": "^1.4.0"
      }
    },
    "node_modules/font-logos": {
      "version": "1.4.0",
      "resolved": "https://registry.npmjs.org/font-logos/-/font-logos-1.4.0.tgz",
      "integrity": "sha512-BCD2AAYfcdag/RqTUwqJwYUVEpt0j5EmaO/Hwu6KjHTe5Ec/vcwqnZfj5qPjd0VLmWfJP2I231LkKE3/FUuu2Q==",
      "license": "Unlicense"
    }
  }
}
